
Microsoft Visual Studio Solution File, Format Version 12.00
# Visual Studio Version 17
VisualStudioVersion = 17.5.33530.505
MinimumVisualStudioVersion = 10.0.40219.1
Project("{FAE04EC0-301F-11D3-BF4B-00C04F79EFBC}") = "MvcMovie", "MvcMovie\MvcMovie.csproj", "{900423B9-1704-4A66-9594-3D7CD0FAF083}"
EndProject
Global
	GlobalSection(SolutionConfigurationPlatforms) = preSolution
		Debug|Any CPU = Debug|Any CPU
		Release|Any CPU = Release|Any CPU
	EndGlobalSection
	GlobalSection(ProjectConfigurationPlatforms) = postSolution
		{900423B9-1704-4A66-9594-3D7CD0FAF083}.Debug|Any CPU.ActiveCfg = Debug|Any CPU
		{900423B9-1704-4A66-9594-3D7CD0FAF083}.Debug|Any CPU.Build.0 = Debug|Any CPU
		{900423B9-1704-4A66-9594-3D7CD0FAF083}.Release|Any CPU.ActiveCfg = Release|Any CPU
		{900423B9-1704-4A66-9594-3D7CD0FAF083}.Release|Any CPU.Build.0 = Release|Any CPU
	EndGlobalSection
	GlobalSection(SolutionProperties) = preSolution
		HideSolutionNode = FALSE
	EndGlobalSection
	GlobalSection(ExtensibilityGlobals) = postSolution
		SolutionGuid = {1ED3CDA5-6650-4A45-8D7F-919F4A3451F3}
	EndGlobalSection
EndGlobal
